
Microsoft Visual Studio Solution File, Format Version 12.00
# Visual Studio Express 2012 for Windows Desktop
Project("{FAE04EC0-301F-11D3-BF4B-00C04F79EFBC}") = "Pool normal", "Pool normal\Pool normal.csproj", "{82FB68C0-C964-46A0-922F-8A521A46F1DF}"
EndProject
Global
	GlobalSection(SolutionConfigurationPlatforms) = preSolution
		Debug|Any CPU = Debug|Any CPU
		Release|Any CPU = Release|Any CPU
	EndGlobalSection
	GlobalSection(ProjectConfigurationPlatforms) = postSolution
		{82FB68C0-C964-46A0-922F-8A521A46F1DF}.Debug|Any CPU.ActiveCfg = Debug|Any CPU
		{82FB68C0-C964-46A0-922F-8A521A46F1DF}.Debug|Any CPU.Build.0 = Debug|Any CPU
		{82FB68C0-C964-46A0-922F-8A521A46F1DF}.Release|Any CPU.ActiveCfg = Release|Any CPU
		{82FB68C0-C964-46A0-922F-8A521A46F1DF}.Release|Any CPU.Build.0 = Release|Any CPU
	EndGlobalSection
	GlobalSection(SolutionProperties) = preSolution
		HideSolutionNode = FALSE
	EndGlobalSection
EndGlobal
